
Microsoft Visual Studio Solution File, Format Version 12.00
# Visual Studio Version 17
VisualStudioVersion = 17.0.31903.59
MinimumVisualStudioVersion = 10.0.40219.1
Project("{FAE04EC0-301F-11D3-BF4B-00C04F79EFBC}") = "Yape.AntiFraudService.API", "src\Yape.AntiFraudService.API\Yape.AntiFraudService.API.csproj", "{4C2AD16A-CF01-32F8-15BD-C8D5282EA5D7}"
EndProject
Project("{FAE04EC0-301F-11D3-BF4B-00C04F79EFBC}") = "Yape.AntiFraudService.Application", "src\Yape.AntiFraudService.Application\Yape.AntiFraudService.Application.csproj", "{87CF116D-E411-1A11-4896-45E9F28F57A5}"
EndProject
Project("{FAE04EC0-301F-11D3-BF4B-00C04F79EFBC}") = "Yape.AntiFraudService.Domain", "src\Yape.AntiFraudService.Domain\Yape.AntiFraudService.Domain.csproj", "{75968373-595A-3DAC-E3B5-ED9CFE69632D}"
EndProject
Project("{FAE04EC0-301F-11D3-BF4B-00C04F79EFBC}") = "Yape.AntiFraudService.Infrastructure", "src\Yape.AntiFraudService.Infrastructure\Yape.AntiFraudService.Infrastructure.csproj", "{33D9F5CA-AF72-C4F7-EC6F-9AA338DC4FCC}"
EndProject
Project("{FAE04EC0-301F-11D3-BF4B-00C04F79EFBC}") = "Yape.TransactionService.API", "src\Yape.TransactionService.API\Yape.TransactionService.API.csproj", "{4A677AB1-F6CB-F249-A2EB-379373DFBEAE}"
EndProject
Project("{FAE04EC0-301F-11D3-BF4B-00C04F79EFBC}") = "Yape.TransactionService.Application", "src\Yape.TransactionService.Application\Yape.TransactionService.Application.csproj", "{8901F81A-9F5E-DAD7-B980-FA33175B5614}"
EndProject
Project("{FAE04EC0-301F-11D3-BF4B-00C04F79EFBC}") = "Yape.TransactionService.Domain", "src\Yape.TransactionService.Domain\Yape.TransactionService.Domain.csproj", "{F1E97EDD-866D-807B-ADBF-B302F4A07548}"
EndProject
Project("{FAE04EC0-301F-11D3-BF4B-00C04F79EFBC}") = "Yape.TransactionService.Infrastructure", "src\Yape.TransactionService.Infrastructure\Yape.TransactionService.Infrastructure.csproj", "{FCE650DF-4D44-C1F3-7C3D-B84F6F151076}"
EndProject
Project("{2150E333-8FDC-42A3-9474-1A3956D46DE8}") = "AntiFraudService", "AntiFraudService", "{02EA681E-C7D8-13C7-8484-4AC65E1B71E8}"
EndProject
Project("{2150E333-8FDC-42A3-9474-1A3956D46DE8}") = "TransactionService", "TransactionService", "{BA0CF779-C098-484F-8BED-5FBB9396738F}"
EndProject
Project("{2150E333-8FDC-42A3-9474-1A3956D46DE8}") = "Docker Compose", "Docker Compose", "{93A60599-B7A4-42BC-89E1-32377FE3DC1E}"
	ProjectSection(SolutionItems) = preProject
		docker-compose-example.yaml = docker-compose-example.yaml
	EndProjectSection
EndProject
Project("{E53339B2-1760-4266-BCC7-CA923CBCF16C}") = "docker-compose", "docker-compose.dcproj", "{81DDED9D-158B-E303-5F62-77A2896D2A5A}"
EndProject
Project("{2150E333-8FDC-42A3-9474-1A3956D46DE8}") = "Miscelanous files", "Miscelanous files", "{9AA54C73-B405-4D35-9AFF-F52A366B48E3}"
	ProjectSection(SolutionItems) = preProject
		LICENSE.txt = LICENSE.txt
		README.md = README.md
	EndProjectSection
EndProject
Project("{FAE04EC0-301F-11D3-BF4B-00C04F79EFBC}") = "Yape.AntiFraudService.UnitTests", "Yape.AntiFraudService.UnitTests\Yape.AntiFraudService.UnitTests.csproj", "{4AB732EA-D90F-4F28-A8A3-D12D409F0077}"
EndProject
Project("{FAE04EC0-301F-11D3-BF4B-00C04F79EFBC}") = "Yape.TransactionService.UnitTests", "Yape.TransactionService.UnitTests\Yape.TransactionService.UnitTests.csproj", "{A8AB8C65-683E-4A7C-9519-1AF5638EFE34}"
EndProject
Global
	GlobalSection(SolutionConfigurationPlatforms) = preSolution
		Debug|Any CPU = Debug|Any CPU
		Release|Any CPU = Release|Any CPU
	EndGlobalSection
	GlobalSection(ProjectConfigurationPlatforms) = postSolution
		{4C2AD16A-CF01-32F8-15BD-C8D5282EA5D7}.Debug|Any CPU.ActiveCfg = Debug|Any CPU
		{4C2AD16A-CF01-32F8-15BD-C8D5282EA5D7}.Debug|Any CPU.Build.0 = Debug|Any CPU
		{4C2AD16A-CF01-32F8-15BD-C8D5282EA5D7}.Release|Any CPU.ActiveCfg = Release|Any CPU
		{4C2AD16A-CF01-32F8-15BD-C8D5282EA5D7}.Release|Any CPU.Build.0 = Release|Any CPU
		{87CF116D-E411-1A11-4896-45E9F28F57A5}.Debug|Any CPU.ActiveCfg = Debug|Any CPU
		{87CF116D-E411-1A11-4896-45E9F28F57A5}.Debug|Any CPU.Build.0 = Debug|Any CPU
		{87CF116D-E411-1A11-4896-45E9F28F57A5}.Release|Any CPU.ActiveCfg = Release|Any CPU
		{87CF116D-E411-1A11-4896-45E9F28F57A5}.Release|Any CPU.Build.0 = Release|Any CPU
		{75968373-595A-3DAC-E3B5-ED9CFE69632D}.Debug|Any CPU.ActiveCfg = Debug|Any CPU
		{75968373-595A-3DAC-E3B5-ED9CFE69632D}.Debug|Any CPU.Build.0 = Debug|Any CPU
		{75968373-595A-3DAC-E3B5-ED9CFE69632D}.Release|Any CPU.ActiveCfg = Release|Any CPU
		{75968373-595A-3DAC-E3B5-ED9CFE69632D}.Release|Any CPU.Build.0 = Release|Any CPU
		{33D9F5CA-AF72-C4F7-EC6F-9AA338DC4FCC}.Debug|Any CPU.ActiveCfg = Debug|Any CPU
		{33D9F5CA-AF72-C4F7-EC6F-9AA338DC4FCC}.Debug|Any CPU.Build.0 = Debug|Any CPU
		{33D9F5CA-AF72-C4F7-EC6F-9AA338DC4FCC}.Release|Any CPU.ActiveCfg = Release|Any CPU
		{33D9F5CA-AF72-C4F7-EC6F-9AA338DC4FCC}.Release|Any CPU.Build.0 = Release|Any CPU
		{4A677AB1-F6CB-F249-A2EB-379373DFBEAE}.Debug|Any CPU.ActiveCfg = Debug|Any CPU
		{4A677AB1-F6CB-F249-A2EB-379373DFBEAE}.Debug|Any CPU.Build.0 = Debug|Any CPU
		{4A677AB1-F6CB-F249-A2EB-379373DFBEAE}.Release|Any CPU.ActiveCfg = Release|Any CPU
		{4A677AB1-F6CB-F249-A2EB-379373DFBEAE}.Release|Any CPU.Build.0 = Release|Any CPU
		{8901F81A-9F5E-DAD7-B980-FA33175B5614}.Debug|Any CPU.ActiveCfg = Debug|Any CPU
		{8901F81A-9F5E-DAD7-B980-FA33175B5614}.Debug|Any CPU.Build.0 = Debug|Any CPU
		{8901F81A-9F5E-DAD7-B980-FA33175B5614}.Release|Any CPU.ActiveCfg = Release|Any CPU
		{8901F81A-9F5E-DAD7-B980-FA33175B5614}.Release|Any CPU.Build.0 = Release|Any CPU
		{F1E97EDD-866D-807B-ADBF-B302F4A07548}.Debug|Any CPU.ActiveCfg = Debug|Any CPU
		{F1E97EDD-866D-807B-ADBF-B302F4A07548}.Debug|Any CPU.Build.0 = Debug|Any CPU
		{F1E97EDD-866D-807B-ADBF-B302F4A07548}.Release|Any CPU.ActiveCfg = Release|Any CPU
		{F1E97EDD-866D-807B-ADBF-B302F4A07548}.Release|Any CPU.Build.0 = Release|Any CPU
		{FCE650DF-4D44-C1F3-7C3D-B84F6F151076}.Debug|Any CPU.ActiveCfg = Debug|Any CPU
		{FCE650DF-4D44-C1F3-7C3D-B84F6F151076}.Debug|Any CPU.Build.0 = Debug|Any CPU
		{FCE650DF-4D44-C1F3-7C3D-B84F6F151076}.Release|Any CPU.ActiveCfg = Release|Any CPU
		{FCE650DF-4D44-C1F3-7C3D-B84F6F151076}.Release|Any CPU.Build.0 = Release|Any CPU
		{81DDED9D-158B-E303-5F62-77A2896D2A5A}.Debug|Any CPU.ActiveCfg = Debug|Any CPU
		{81DDED9D-158B-E303-5F62-77A2896D2A5A}.Debug|Any CPU.Build.0 = Debug|Any CPU
		{81DDED9D-158B-E303-5F62-77A2896D2A5A}.Release|Any CPU.ActiveCfg = Release|Any CPU
		{81DDED9D-158B-E303-5F62-77A2896D2A5A}.Release|Any CPU.Build.0 = Release|Any CPU
		{4AB732EA-D90F-4F28-A8A3-D12D409F0077}.Debug|Any CPU.ActiveCfg = Debug|Any CPU
		{4AB732EA-D90F-4F28-A8A3-D12D409F0077}.Debug|Any CPU.Build.0 = Debug|Any CPU
		{4AB732EA-D90F-4F28-A8A3-D12D409F0077}.Release|Any CPU.ActiveCfg = Release|Any CPU
		{4AB732EA-D90F-4F28-A8A3-D12D409F0077}.Release|Any CPU.Build.0 = Release|Any CPU
		{A8AB8C65-683E-4A7C-9519-1AF5638EFE34}.Debug|Any CPU.ActiveCfg = Debug|Any CPU
		{A8AB8C65-683E-4A7C-9519-1AF5638EFE34}.Debug|Any CPU.Build.0 = Debug|Any CPU
		{A8AB8C65-683E-4A7C-9519-1AF5638EFE34}.Release|Any CPU.ActiveCfg = Release|Any CPU
		{A8AB8C65-683E-4A7C-9519-1AF5638EFE34}.Release|Any CPU.Build.0 = Release|Any CPU
	EndGlobalSection
	GlobalSection(SolutionProperties) = preSolution
		HideSolutionNode = FALSE
	EndGlobalSection
	GlobalSection(NestedProjects) = preSolution
		{4C2AD16A-CF01-32F8-15BD-C8D5282EA5D7} = {02EA681E-C7D8-13C7-8484-4AC65E1B71E8}
		{87CF116D-E411-1A11-4896-45E9F28F57A5} = {02EA681E-C7D8-13C7-8484-4AC65E1B71E8}
		{75968373-595A-3DAC-E3B5-ED9CFE69632D} = {02EA681E-C7D8-13C7-8484-4AC65E1B71E8}
		{33D9F5CA-AF72-C4F7-EC6F-9AA338DC4FCC} = {02EA681E-C7D8-13C7-8484-4AC65E1B71E8}
		{4A677AB1-F6CB-F249-A2EB-379373DFBEAE} = {BA0CF779-C098-484F-8BED-5FBB9396738F}
		{8901F81A-9F5E-DAD7-B980-FA33175B5614} = {BA0CF779-C098-484F-8BED-5FBB9396738F}
		{F1E97EDD-866D-807B-ADBF-B302F4A07548} = {BA0CF779-C098-484F-8BED-5FBB9396738F}
		{FCE650DF-4D44-C1F3-7C3D-B84F6F151076} = {BA0CF779-C098-484F-8BED-5FBB9396738F}
		{81DDED9D-158B-E303-5F62-77A2896D2A5A} = {93A60599-B7A4-42BC-89E1-32377FE3DC1E}
		{4AB732EA-D90F-4F28-A8A3-D12D409F0077} = {02EA681E-C7D8-13C7-8484-4AC65E1B71E8}
		{A8AB8C65-683E-4A7C-9519-1AF5638EFE34} = {BA0CF779-C098-484F-8BED-5FBB9396738F}
	EndGlobalSection
	GlobalSection(ExtensibilityGlobals) = postSolution
		SolutionGuid = {6BBC0712-4267-4EB1-A47C-97CB3FDF4F32}
	EndGlobalSection
EndGlobal
